
Microsoft Visual Studio Solution File, Format Version 12.00
# Visual Studio 2012
Project("{FAE04EC0-301F-11D3-BF4B-00C04F79EFBC}") = "Proj5-1 Dudda", "Proj5-1 Dudda\Proj5-1 Dudda.csproj", "{2EAC3AF8-141D-4648-803F-C2786B1CA95F}"
EndProject
Global
	GlobalSection(SolutionConfigurationPlatforms) = preSolution
		Debug|Any CPU = Debug|Any CPU
		Release|Any CPU = Release|Any CPU
	EndGlobalSection
	GlobalSection(ProjectConfigurationPlatforms) = postSolution
		{2EAC3AF8-141D-4648-803F-C2786B1CA95F}.Debug|Any CPU.ActiveCfg = Debug|Any CPU
		{2EAC3AF8-141D-4648-803F-C2786B1CA95F}.Debug|Any CPU.Build.0 = Debug|Any CPU
		{2EAC3AF8-141D-4648-803F-C2786B1CA95F}.Release|Any CPU.ActiveCfg = Release|Any CPU
		{2EAC3AF8-141D-4648-803F-C2786B1CA95F}.Release|Any CPU.Build.0 = Release|Any CPU
	EndGlobalSection
	GlobalSection(SolutionProperties) = preSolution
		HideSolutionNode = FALSE
	EndGlobalSection
EndGlobal
